// !$*UTF8*$!
{
	archiveVersion = 1;
	classes = {
	};
	objectVersion = 46;
	objects = {

/* Begin PBXBuildFile section */
		0CFC4E86195F8D8F00FAF407 /* main.m in Sources */ = {isa = PBXBuildFile; fileRef = 0CFC4E85195F8D8F00FAF407 /* main.m */; };
		0CFC4E89195F8D8F00FAF407 /* AppDelegate.m in Sources */ = {isa = PBXBuildFile; fileRef = 0CFC4E88195F8D8F00FAF407 /* AppDelegate.m */; };
		0CFC4E8B195F8D8F00FAF407 /* Images.xcassets in Resources */ = {isa = PBXBuildFile; fileRef = 0CFC4E8A195F8D8F00FAF407 /* Images.xcassets */; };
		0CFC4E97195F8D8F00FAF407 /* BeaconNotesTests.m in Sources */ = {isa = PBXBuildFile; fileRef = 0CFC4E96195F8D8F00FAF407 /* BeaconNotesTests.m */; };
		0CFC4EA1195F8DA600FAF407 /* iPhoneStoryboard.storyboard in Resources */ = {isa = PBXBuildFile; fileRef = 0CFC4EA0195F8DA600FAF407 /* iPhoneStoryboard.storyboard */; };
		0CFC4EA6195F904E00FAF407 /* lock_icon.png in Resources */ = {isa = PBXBuildFile; fileRef = 0CFC4EA5195F904E00FAF407 /* lock_icon.png */; };
		0CFC4EA9195F90BB00FAF407 /* DABBeaconDetector.m in Sources */ = {isa = PBXBuildFile; fileRef = 0CFC4EA8195F90BB00FAF407 /* DABBeaconDetector.m */; };
		0CFC4EAC195F90D300FAF407 /* DABNavigationViewController.m in Sources */ = {isa = PBXBuildFile; fileRef = 0CFC4EAB195F90D300FAF407 /* DABNavigationViewController.m */; };
		0CFC4EAE195F91B600FAF407 /* CoreBluetooth.framework in Frameworks */ = {isa = PBXBuildFile; fileRef = 0CFC4EAD195F91B600FAF407 /* CoreBluetooth.framework */; };
		0CFC4EB0195F91CC00FAF407 /* CoreLocation.framework in Frameworks */ = {isa = PBXBuildFile; fileRef = 0CFC4EAF195F91CC00FAF407 /* CoreLocation.framework */; };
/* End PBXBuildFile section */

/* Begin PBXContainerItemProxy section */
		0CFC4E91195F8D8F00FAF407 /* PBXContainerItemProxy */ = {
			isa = PBXContainerItemProxy;
			containerPortal = 0CFC4E78195F8D8E00FAF407 /* Project object */;
			proxyType = 1;
			remoteGlobalIDString = 0CFC4E7F195F8D8E00FAF407;
			remoteInfo = BeaconNotes;
		};
/* End PBXContainerItemProxy section */

/* Begin PBXFileReference section */
		0CFC4E80195F8D8E00FAF407 /* BeaconNotes.app */ = {isa = PBXFileReference; explicitFileType = wrapper.application; includeInIndex = 0; path = BeaconNotes.app; sourceTree = BUILT_PRODUCTS_DIR; };
		0CFC4E84195F8D8E00FAF407 /* Info.plist */ = {isa = PBXFileReference; lastKnownFileType = text.plist.xml; path = Info.plist; sourceTree = "<group>"; };
		0CFC4E85195F8D8F00FAF407 /* main.m */ = {isa = PBXFileReference; lastKnownFileType = sourcecode.c.objc; path = main.m; sourceTree = "<group>"; };
		0CFC4E87195F8D8F00FAF407 /* AppDelegate.h */ = {isa = PBXFileReference; lastKnownFileType = sourcecode.c.h; path = AppDelegate.h; sourceTree = "<group>"; };
		0CFC4E88195F8D8F00FAF407 /* AppDelegate.m */ = {isa = PBXFileReference; lastKnownFileType = sourcecode.c.objc; path = AppDelegate.m; sourceTree = "<group>"; };
		0CFC4E8A195F8D8F00FAF407 /* Images.xcassets */ = {isa = PBXFileReference; lastKnownFileType = folder.assetcatalog; path = Images.xcassets; sourceTree = "<group>"; };
		0CFC4E90195F8D8F00FAF407 /* BeaconNotesTests.xctest */ = {isa = PBXFileReference; explicitFileType = wrapper.cfbundle; includeInIndex = 0; path = BeaconNotesTests.xctest; sourceTree = BUILT_PRODUCTS_DIR; };
		0CFC4E95195F8D8F00FAF407 /* Info.plist */ = {isa = PBXFileReference; lastKnownFileType = text.plist.xml; path = Info.plist; sourceTree = "<group>"; };
		0CFC4E96195F8D8F00FAF407 /* BeaconNotesTests.m */ = {isa = PBXFileReference; lastKnownFileType = sourcecode.c.objc; path = BeaconNotesTests.m; sourceTree = "<group>"; };
		0CFC4EA0195F8DA600FAF407 /* iPhoneStoryboard.storyboard */ = {isa = PBXFileReference; fileEncoding = 4; lastKnownFileType = file.storyboard; path = iPhoneStoryboard.storyboard; sourceTree = "<group>"; };
		0CFC4EA5195F904E00FAF407 /* lock_icon.png */ = {isa = PBXFileReference; lastKnownFileType = image.png; path = lock_icon.png; sourceTree = "<group>"; };
		0CFC4EA7195F90BB00FAF407 /* DABBeaconDetector.h */ = {isa = PBXFileReference; fileEncoding = 4; lastKnownFileType = sourcecode.c.h; path = DABBeaconDetector.h; sourceTree = "<group>"; };
		0CFC4EA8195F90BB00FAF407 /* DABBeaconDetector.m */ = {isa = PBXFileReference; fileEncoding = 4; lastKnownFileType = sourcecode.c.objc; path = DABBeaconDetector.m; sourceTree = "<group>"; };
		0CFC4EAA195F90D300FAF407 /* DABNavigationViewController.h */ = {isa = PBXFileReference; fileEncoding = 4; lastKnownFileType = sourcecode.c.h; name = DABNavigationViewController.h; path = ../DABNavigationViewController.h; sourceTree = "<group>"; };
		0CFC4EAB195F90D300FAF407 /* DABNavigationViewController.m */ = {isa = PBXFileReference; fileEncoding = 4; lastKnownFileType = sourcecode.c.objc; name = DABNavigationViewController.m; path = ../DABNavigationViewController.m; sourceTree = "<group>"; };
		0CFC4EAD195F91B600FAF407 /* CoreBluetooth.framework */ = {isa = PBXFileReference; lastKnownFileType = wrapper.framework; name = CoreBluetooth.framework; path = System/Library/Frameworks/CoreBluetooth.framework; sourceTree = SDKROOT; };
		0CFC4EAF195F91CC00FAF407 /* CoreLocation.framework */ = {isa = PBXFileReference; lastKnownFileType = wrapper.framework; name = CoreLocation.framework; path = System/Library/Frameworks/CoreLocation.framework; sourceTree = SDKROOT; };
/* End PBXFileReference section */

/* Begin PBXFrameworksBuildPhase section */
		0CFC4E7D195F8D8E00FAF407 /* Frameworks */ = {
			isa = PBXFrameworksBuildPhase;
			buildActionMask = 2147483647;
			files = (
				0CFC4EB0195F91CC00FAF407 /* CoreLocation.framework in Frameworks */,
				0CFC4EAE195F91B600FAF407 /* CoreBluetooth.framework in Frameworks */,
			);
			runOnlyForDeploymentPostprocessing = 0;
		};
		0CFC4E8D195F8D8F00FAF407 /* Frameworks */ = {
			isa = PBXFrameworksBuildPhase;
			buildActionMask = 2147483647;
			files = (
			);
			runOnlyForDeploymentPostprocessing = 0;
		};
/* End PBXFrameworksBuildPhase section */

/* Begin PBXGroup section */
		0CFC4E77195F8D8E00FAF407 = {
			isa = PBXGroup;
			children = (
				0CFC4E82195F8D8E00FAF407 /* BeaconNotes */,
				0CFC4E93195F8D8F00FAF407 /* BeaconNotesTests */,
				0CFC4E81195F8D8E00FAF407 /* Products */,
			);
			sourceTree = "<group>";
		};
		0CFC4E81195F8D8E00FAF407 /* Products */ = {
			isa = PBXGroup;
			children = (
				0CFC4E80195F8D8E00FAF407 /* BeaconNotes.app */,
				0CFC4E90195F8D8F00FAF407 /* BeaconNotesTests.xctest */,
			);
			name = Products;
			sourceTree = "<group>";
		};
		0CFC4E82195F8D8E00FAF407 /* BeaconNotes */ = {
			isa = PBXGroup;
			children = (
				0CFC4E87195F8D8F00FAF407 /* AppDelegate.h */,
				0CFC4E88195F8D8F00FAF407 /* AppDelegate.m */,
				0CFC4EAA195F90D300FAF407 /* DABNavigationViewController.h */,
				0CFC4EAB195F90D300FAF407 /* DABNavigationViewController.m */,
				0CFC4EA7195F90BB00FAF407 /* DABBeaconDetector.h */,
				0CFC4EA8195F90BB00FAF407 /* DABBeaconDetector.m */,
				0CFC4EA0195F8DA600FAF407 /* iPhoneStoryboard.storyboard */,
				0CFC4E8A195F8D8F00FAF407 /* Images.xcassets */,
				0CFC4EA5195F904E00FAF407 /* lock_icon.png */,
				0CFC4EAF195F91CC00FAF407 /* CoreLocation.framework */,
				0CFC4EAD195F91B600FAF407 /* CoreBluetooth.framework */,
				0CFC4E83195F8D8E00FAF407 /* Supporting Files */,
			);
			path = BeaconNotes;
			sourceTree = "<group>";
		};
		0CFC4E83195F8D8E00FAF407 /* Supporting Files */ = {
			isa = PBXGroup;
			children = (
				0CFC4E84195F8D8E00FAF407 /* Info.plist */,
				0CFC4E85195F8D8F00FAF407 /* main.m */,
			);
			name = "Supporting Files";
			sourceTree = "<group>";
		};
		0CFC4E93195F8D8F00FAF407 /* BeaconNotesTests */ = {
			isa = PBXGroup;
			children = (
				0CFC4E96195F8D8F00FAF407 /* BeaconNotesTests.m */,
				0CFC4E94195F8D8F00FAF407 /* Supporting Files */,
			);
			path = BeaconNotesTests;
			sourceTree = "<group>";
		};
		0CFC4E94195F8D8F00FAF407 /* Supporting Files */ = {
			isa = PBXGroup;
			children = (
				0CFC4E95195F8D8F00FAF407 /* Info.plist */,
			);
			name = "Supporting Files";
			sourceTree = "<group>";
		};
/* End PBXGroup section */

/* Begin PBXNativeTarget section */
		0CFC4E7F195F8D8E00FAF407 /* BeaconNotes */ = {
			isa = PBXNativeTarget;
			buildConfigurationList = 0CFC4E9A195F8D8F00FAF407 /* Build configuration list for PBXNativeTarget "BeaconNotes" */;
			buildPhases = (
				0CFC4E7C195F8D8E00FAF407 /* Sources */,
				0CFC4E7D195F8D8E00FAF407 /* Frameworks */,
				0CFC4E7E195F8D8E00FAF407 /* Resources */,
			);
			buildRules = (
			);
			dependencies = (
			);
			name = BeaconNotes;
			productName = BeaconNotes;
			productReference = 0CFC4E80195F8D8E00FAF407 /* BeaconNotes.app */;
			productType = "com.apple.product-type.application";
		};
		0CFC4E8F195F8D8F00FAF407 /* BeaconNotesTests */ = {
			isa = PBXNativeTarget;
			buildConfigurationList = 0CFC4E9D195F8D8F00FAF407 /* Build configuration list for PBXNativeTarget "BeaconNotesTests" */;
			buildPhases = (
				0CFC4E8C195F8D8F00FAF407 /* Sources */,
				0CFC4E8D195F8D8F00FAF407 /* Frameworks */,
				0CFC4E8E195F8D8F00FAF407 /* Resources */,
			);
			buildRules = (
			);
			dependencies = (
				0CFC4E92195F8D8F00FAF407 /* PBXTargetDependency */,
			);
			name = BeaconNotesTests;
			productName = BeaconNotesTests;
			productReference = 0CFC4E90195F8D8F00FAF407 /* BeaconNotesTests.xctest */;
			productType = "com.apple.product-type.bundle.unit-test";
		};
/* End PBXNativeTarget section */

/* Begin PBXProject section */
		0CFC4E78195F8D8E00FAF407 /* Project object */ = {
			isa = PBXProject;
			attributes = {
				LastUpgradeCheck = 0600;
				ORGANIZATIONNAME = "Drew Breunig";
				TargetAttributes = {
					0CFC4E7F195F8D8E00FAF407 = {
						CreatedOnToolsVersion = 6.0;
					};
					0CFC4E8F195F8D8F00FAF407 = {
						CreatedOnToolsVersion = 6.0;
						TestTargetID = 0CFC4E7F195F8D8E00FAF407;
					};
				};
			};
			buildConfigurationList = 0CFC4E7B195F8D8E00FAF407 /* Build configuration list for PBXProject "BeaconNotes" */;
			compatibilityVersion = "Xcode 3.2";
			developmentRegion = English;
			hasScannedForEncodings = 0;
			knownRegions = (
				en,
			);
			mainGroup = 0CFC4E77195F8D8E00FAF407;
			productRefGroup = 0CFC4E81195F8D8E00FAF407 /* Products */;
			projectDirPath = "";
			projectRoot = "";
			targets = (
				0CFC4E7F195F8D8E00FAF407 /* BeaconNotes */,
				0CFC4E8F195F8D8F00FAF407 /* BeaconNotesTests */,
			);
		};
/* End PBXProject section */

/* Begin PBXResourcesBuildPhase section */
		0CFC4E7E195F8D8E00FAF407 /* Resources */ = {
			isa = PBXResourcesBuildPhase;
			buildActionMask = 2147483647;
			files = (
				0CFC4EA6195F904E00FAF407 /* lock_icon.png in Resources */,
				0CFC4EA1195F8DA600FAF407 /* iPhoneStoryboard.storyboard in Resources */,
				0CFC4E8B195F8D8F00FAF407 /* Images.xcassets in Resources */,
			);
			runOnlyForDeploymentPostprocessing = 0;
		};
		0CFC4E8E195F8D8F00FAF407 /* Resources */ = {
			isa = PBXResourcesBuildPhase;
			buildActionMask = 2147483647;
			files = (
			);
			runOnlyForDeploymentPostprocessing = 0;
		};
/* End PBXResourcesBuildPhase section */

/* Begin PBXSourcesBuildPhase section */
		0CFC4E7C195F8D8E00FAF407 /* Sources */ = {
			isa = PBXSourcesBuildPhase;
			buildActionMask = 2147483647;
			files = (
				0CFC4E89195F8D8F00FAF407 /* AppDelegate.m in Sources */,
				0CFC4E86195F8D8F00FAF407 /* main.m in Sources */,
				0CFC4EAC195F90D300FAF407 /* DABNavigationViewController.m in Sources */,
				0CFC4EA9195F90BB00FAF407 /* DABBeaconDetector.m in Sources */,
			);
			runOnlyForDeploymentPostprocessing = 0;
		};
		0CFC4E8C195F8D8F00FAF407 /* Sources */ = {
			isa = PBXSourcesBuildPhase;
			buildActionMask = 2147483647;
			files = (
				0CFC4E97195F8D8F00FAF407 /* BeaconNotesTests.m in Sources */,
			);
			runOnlyForDeploymentPostprocessing = 0;
		};
/* End PBXSourcesBuildPhase section */

/* Begin PBXTargetDependency section */
		0CFC4E92195F8D8F00FAF407 /* PBXTargetDependency */ = {
			isa = PBXTargetDependency;
			target = 0CFC4E7F195F8D8E00FAF407 /* BeaconNotes */;
			targetProxy = 0CFC4E91195F8D8F00FAF407 /* PBXContainerItemProxy */;
		};
/* End PBXTargetDependency section */

/* Begin XCBuildConfiguration section */
		0CFC4E98195F8D8F00FAF407 /* Debug */ = {
			isa = XCBuildConfiguration;
			buildSettings = {
				ALWAYS_SEARCH_USER_PATHS = NO;
				CLANG_CXX_LANGUAGE_STANDARD = "gnu++0x";
				CLANG_CXX_LIBRARY = "libc++";
				CLANG_ENABLE_MODULES = YES;
				CLANG_ENABLE_OBJC_ARC = YES;
				CLANG_WARN_BOOL_CONVERSION = YES;
				CLANG_WARN_CONSTANT_CONVERSION = YES;
				CLANG_WARN_DIRECT_OBJC_ISA_USAGE = YES_ERROR;
				CLANG_WARN_EMPTY_BODY = YES;
				CLANG_WARN_ENUM_CONVERSION = YES;
				CLANG_WARN_INT_CONVERSION = YES;
				CLANG_WARN_OBJC_ROOT_CLASS = YES_ERROR;
				CLANG_WARN_UNREACHABLE_CODE = YES;
				CLANG_WARN__DUPLICATE_METHOD_MATCH = YES;
				"CODE_SIGN_IDENTITY[sdk=iphoneos*]" = "iPhone Developer";
				COPY_PHASE_STRIP = NO;
				ENABLE_STRICT_OBJC_MSGSEND = YES;
				GCC_C_LANGUAGE_STANDARD = gnu99;
				GCC_DYNAMIC_NO_PIC = NO;
				GCC_OPTIMIZATION_LEVEL = 0;
				GCC_PREPROCESSOR_DEFINITIONS = (
					"DEBUG=1",
					"$(inherited)",
				);
				GCC_SYMBOLS_PRIVATE_EXTERN = NO;
				GCC_WARN_64_TO_32_BIT_CONVERSION = YES;
				GCC_WARN_ABOUT_RETURN_TYPE = YES_ERROR;
				GCC_WARN_UNDECLARED_SELECTOR = YES;
				GCC_WARN_UNINITIALIZED_AUTOS = YES_AGGRESSIVE;
				GCC_WARN_UNUSED_FUNCTION = YES;
				GCC_WARN_UNUSED_VARIABLE = YES;
				IPHONEOS_DEPLOYMENT_TARGET = 8.0;
				METAL_ENABLE_DEBUG_INFO = YES;
				ONLY_ACTIVE_ARCH = YES;
				SDKROOT = iphoneos;
			};
			name = Debug;
		};
		0CFC4E99195F8D8F00FAF407 /* Release */ = {
			isa = XCBuildConfiguration;
			buildSettings = {
				ALWAYS_SEARCH_USER_PATHS = NO;
				CLANG_CXX_LANGUAGE_STANDARD = "gnu++0x";
				CLANG_CXX_LIBRARY = "libc++";
				CLANG_ENABLE_MODULES = YES;
				CLANG_ENABLE_OBJC_ARC = YES;
				CLANG_WARN_BOOL_CONVERSION = YES;
				CLANG_WARN_CONSTANT_CONVERSION = YES;
				CLANG_WARN_DIRECT_OBJC_ISA_USAGE = YES_ERROR;
				CLANG_WARN_EMPTY_BODY = YES;
				CLANG_WARN_ENUM_CONVERSION = YES;
				CLANG_WARN_INT_CONVERSION = YES;
				CLANG_WARN_OBJC_ROOT_CLASS = YES_ERROR;
				CLANG_WARN_UNREACHABLE_CODE = YES;
				CLANG_WARN__DUPLICATE_METHOD_MATCH = YES;
				"CODE_SIGN_IDENTITY[sdk=iphoneos*]" = "iPhone Developer";
				COPY_PHASE_STRIP = YES;
				ENABLE_NS_ASSERTIONS = NO;
				ENABLE_STRICT_OBJC_MSGSEND = YES;
				GCC_C_LANGUAGE_STANDARD = gnu99;
				GCC_WARN_64_TO_32_BIT_CONVERSION = YES;
				GCC_WARN_ABOUT_RETURN_TYPE = YES_ERROR;
				GCC_WARN_UNDECLARED_SELECTOR = YES;
				GCC_WARN_UNINITIALIZED_AUTOS = YES_AGGRESSIVE;
				GCC_WARN_UNUSED_FUNCTION = YES;
				GCC_WARN_UNUSED_VARIABLE = YES;
				IPHONEOS_DEPLOYMENT_TARGET = 8.0;
				METAL_ENABLE_DEBUG_INFO = NO;
				SDKROOT = iphoneos;
				VALIDATE_PRODUCT = YES;
			};
			name = Release;
		};
		0CFC4E9B195F8D8F00FAF407 /* Debug */ = {
			isa = XCBuildConfiguration;
			buildSettings = {
				ASSETCATALOG_COMPILER_APPICON_NAME = AppIcon;
				ASSETCATALOG_COMPILER_LAUNCHIMAGE_NAME = LaunchImage;
				INFOPLIST_FILE = BeaconNotes/Info.plist;
				IPHONEOS_DEPLOYMENT_TARGET = 7.1;
				LD_RUNPATH_SEARCH_PATHS = "$(inherited) @executable_path/Frameworks";
				PRODUCT_NAME = "$(TARGET_NAME)";
			};
			name = Debug;
		};
		0CFC4E9C195F8D8F00FAF407 /* Release */ = {
			isa = XCBuildConfiguration;
			buildSettings = {
				ASSETCATALOG_COMPILER_APPICON_NAME = AppIcon;
				ASSETCATALOG_COMPILER_LAUNCHIMAGE_NAME = LaunchImage;
				INFOPLIST_FILE = BeaconNotes/Info.plist;
				IPHONEOS_DEPLOYMENT_TARGET = 7.1;
				LD_RUNPATH_SEARCH_PATHS = "$(inherited) @executable_path/Frameworks";
				PRODUCT_NAME = "$(TARGET_NAME)";
			};
			name = Release;
		};
		0CFC4E9E195F8D8F00FAF407 /* Debug */ = {
			isa = XCBuildConfiguration;
			buildSettings = {
				BUNDLE_LOADER = "$(BUILT_PRODUCTS_DIR)/BeaconNotes.app/BeaconNotes";
				FRAMEWORK_SEARCH_PATHS = (
					"$(SDKROOT)/Developer/Library/Frameworks",
					"$(inherited)",
				);
				GCC_PREPROCESSOR_DEFINITIONS = (
					"DEBUG=1",
					"$(inherited)",
				);
				INFOPLIST_FILE = BeaconNotesTests/Info.plist;
				LD_RUNPATH_SEARCH_PATHS = "$(inherited) @executable_path/Frameworks @loader_path/Frameworks";
				METAL_ENABLE_DEBUG_INFO = YES;
				PRODUCT_NAME = "$(TARGET_NAME)";
				TEST_HOST = "$(BUNDLE_LOADER)";
			};
			name = Debug;
		};
		0CFC4E9F195F8D8F00FAF407 /* Release */ = {
			isa = XCBuildConfiguration;
			buildSettings = {
				BUNDLE_LOADER = "$(BUILT_PRODUCTS_DIR)/BeaconNotes.app/BeaconNotes";
				FRAMEWORK_SEARCH_PATHS = (
					"$(SDKROOT)/Developer/Library/Frameworks",
					"$(inherited)",
				);
				INFOPLIST_FILE = BeaconNotesTests/Info.plist;
				LD_RUNPATH_SEARCH_PATHS = "$(inherited) @executable_path/Frameworks @loader_path/Frameworks";
				METAL_ENABLE_DEBUG_INFO = NO;
				PRODUCT_NAME = "$(TARGET_NAME)";
				TEST_HOST = "$(BUNDLE_LOADER)";
			};
			name = Release;
		};
/* End XCBuildConfiguration section */

/* Begin XCConfigurationList section */
		0CFC4E7B195F8D8E00FAF407 /* Build configuration list for PBXProject "BeaconNotes" */ = {
			isa = XCConfigurationList;
			buildConfigurations = (
				0CFC4E98195F8D8F00FAF407 /* Debug */,
				0CFC4E99195F8D8F00FAF407 /* Release */,
			);
			defaultConfigurationIsVisible = 0;
			defaultConfigurationName = Release;
		};
		0CFC4E9A195F8D8F00FAF407 /* Build configuration list for PBXNativeTarget "BeaconNotes" */ = {
			isa = XCConfigurationList;
			buildConfigurations = (
				0CFC4E9B195F8D8F00FAF407 /* Debug */,
				0CFC4E9C195F8D8F00FAF407 /* Release */,
			);
			defaultConfigurationIsVisible = 0;
		};
		0CFC4E9D195F8D8F00FAF407 /* Build configuration list for PBXNativeTarget "BeaconNotesTests" */ = {
			isa = XCConfigurationList;
			buildConfigurations = (
				0CFC4E9E195F8D8F00FAF407 /* Debug */,
				0CFC4E9F195F8D8F00FAF407 /* Release */,
			);
			defaultConfigurationIsVisible = 0;
		};
/* End XCConfigurationList section */
	};
	rootObject = 0CFC4E78195F8D8E00FAF407 /* Project object */;
}
